
Microsoft Visual Studio Solution File, Format Version 12.00
# Visual Studio Version 16
VisualStudioVersion = 16.0.31727.386
MinimumVisualStudioVersion = 10.0.40219.1
Project("{FAE04EC0-301F-11D3-BF4B-00C04F79EFBC}") = "ApiTemplate1", "ApiTemplate1\ApiTemplate1.csproj", "{F2143E5B-359E-47B3-9953-B5C21B0710DB}"
EndProject
Project("{2150E333-8FDC-42A3-9474-1A3956D46DE8}") = "Database", "Database", "{5C8048A3-9B01-4F8B-B461-4E35022CEFEA}"
EndProject
Project("{00D1A9C2-B5F0-4AF3-8072-F6C62B433612}") = "UserDatabase", "UserDatabase\UserDatabase.sqlproj", "{DB4CED34-D88E-413B-AC79-992F68486C5F}"
EndProject
Project("{2150E333-8FDC-42A3-9474-1A3956D46DE8}") = "Models", "Models", "{2EF62145-9CB9-41CF-8724-31E8767BA696}"
EndProject
Project("{FAE04EC0-301F-11D3-BF4B-00C04F79EFBC}") = "ApiModels", "ApiModels\ApiModels.csproj", "{1B4C43A4-BF00-41CC-9A59-ABF4DE7D2BAB}"
EndProject
Project("{FAE04EC0-301F-11D3-BF4B-00C04F79EFBC}") = "DbModels", "DbModels\DbModels.csproj", "{4C35D404-3817-401E-9663-C0AF1F70801E}"
EndProject
Project("{FAE04EC0-301F-11D3-BF4B-00C04F79EFBC}") = "UserData", "UserData\UserData.csproj", "{CE7462DF-101A-4E5B-AF09-885AEB294FC1}"
EndProject
Project("{2150E333-8FDC-42A3-9474-1A3956D46DE8}") = "Services", "Services", "{0CDB7175-09D3-44BE-8E7C-0F7347CA3F62}"
EndProject
Project("{FAE04EC0-301F-11D3-BF4B-00C04F79EFBC}") = "UserService", "UserService\UserService.csproj", "{0AD98ED1-C770-4B12-B419-DA4F5F1C830F}"
EndProject
Global
	GlobalSection(SolutionConfigurationPlatforms) = preSolution
		Debug|Any CPU = Debug|Any CPU
		Release|Any CPU = Release|Any CPU
	EndGlobalSection
	GlobalSection(ProjectConfigurationPlatforms) = postSolution
		{F2143E5B-359E-47B3-9953-B5C21B0710DB}.Debug|Any CPU.ActiveCfg = Debug|Any CPU
		{F2143E5B-359E-47B3-9953-B5C21B0710DB}.Debug|Any CPU.Build.0 = Debug|Any CPU
		{F2143E5B-359E-47B3-9953-B5C21B0710DB}.Release|Any CPU.ActiveCfg = Release|Any CPU
		{F2143E5B-359E-47B3-9953-B5C21B0710DB}.Release|Any CPU.Build.0 = Release|Any CPU
		{DB4CED34-D88E-413B-AC79-992F68486C5F}.Debug|Any CPU.ActiveCfg = Debug|Any CPU
		{DB4CED34-D88E-413B-AC79-992F68486C5F}.Debug|Any CPU.Build.0 = Debug|Any CPU
		{DB4CED34-D88E-413B-AC79-992F68486C5F}.Debug|Any CPU.Deploy.0 = Debug|Any CPU
		{DB4CED34-D88E-413B-AC79-992F68486C5F}.Release|Any CPU.ActiveCfg = Release|Any CPU
		{DB4CED34-D88E-413B-AC79-992F68486C5F}.Release|Any CPU.Build.0 = Release|Any CPU
		{DB4CED34-D88E-413B-AC79-992F68486C5F}.Release|Any CPU.Deploy.0 = Release|Any CPU
		{1B4C43A4-BF00-41CC-9A59-ABF4DE7D2BAB}.Debug|Any CPU.ActiveCfg = Debug|Any CPU
		{1B4C43A4-BF00-41CC-9A59-ABF4DE7D2BAB}.Debug|Any CPU.Build.0 = Debug|Any CPU
		{1B4C43A4-BF00-41CC-9A59-ABF4DE7D2BAB}.Release|Any CPU.ActiveCfg = Release|Any CPU
		{1B4C43A4-BF00-41CC-9A59-ABF4DE7D2BAB}.Release|Any CPU.Build.0 = Release|Any CPU
		{4C35D404-3817-401E-9663-C0AF1F70801E}.Debug|Any CPU.ActiveCfg = Debug|Any CPU
		{4C35D404-3817-401E-9663-C0AF1F70801E}.Debug|Any CPU.Build.0 = Debug|Any CPU
		{4C35D404-3817-401E-9663-C0AF1F70801E}.Release|Any CPU.ActiveCfg = Release|Any CPU
		{4C35D404-3817-401E-9663-C0AF1F70801E}.Release|Any CPU.Build.0 = Release|Any CPU
		{CE7462DF-101A-4E5B-AF09-885AEB294FC1}.Debug|Any CPU.ActiveCfg = Debug|Any CPU
		{CE7462DF-101A-4E5B-AF09-885AEB294FC1}.Debug|Any CPU.Build.0 = Debug|Any CPU
		{CE7462DF-101A-4E5B-AF09-885AEB294FC1}.Release|Any CPU.ActiveCfg = Release|Any CPU
		{CE7462DF-101A-4E5B-AF09-885AEB294FC1}.Release|Any CPU.Build.0 = Release|Any CPU
		{0AD98ED1-C770-4B12-B419-DA4F5F1C830F}.Debug|Any CPU.ActiveCfg = Debug|Any CPU
		{0AD98ED1-C770-4B12-B419-DA4F5F1C830F}.Debug|Any CPU.Build.0 = Debug|Any CPU
		{0AD98ED1-C770-4B12-B419-DA4F5F1C830F}.Release|Any CPU.ActiveCfg = Release|Any CPU
		{0AD98ED1-C770-4B12-B419-DA4F5F1C830F}.Release|Any CPU.Build.0 = Release|Any CPU
	EndGlobalSection
	GlobalSection(SolutionProperties) = preSolution
		HideSolutionNode = FALSE
	EndGlobalSection
	GlobalSection(NestedProjects) = preSolution
		{DB4CED34-D88E-413B-AC79-992F68486C5F} = {5C8048A3-9B01-4F8B-B461-4E35022CEFEA}
		{1B4C43A4-BF00-41CC-9A59-ABF4DE7D2BAB} = {2EF62145-9CB9-41CF-8724-31E8767BA696}
		{4C35D404-3817-401E-9663-C0AF1F70801E} = {2EF62145-9CB9-41CF-8724-31E8767BA696}
		{CE7462DF-101A-4E5B-AF09-885AEB294FC1} = {5C8048A3-9B01-4F8B-B461-4E35022CEFEA}
		{0AD98ED1-C770-4B12-B419-DA4F5F1C830F} = {0CDB7175-09D3-44BE-8E7C-0F7347CA3F62}
	EndGlobalSection
	GlobalSection(ExtensibilityGlobals) = postSolution
		SolutionGuid = {9AE2A227-7D22-437F-A2FB-D87322DF1C19}
	EndGlobalSection
EndGlobal
